// !$*UTF8*$!
{
	archiveVersion = 1;
	classes = {
	};
	objectVersion = 50;
	objects = {

/* Begin PBXBuildFile section */
		E58509BB23EC607F003CB845 /* AppDelegate.swift in Sources */ = {isa = PBXBuildFile; fileRef = E58509BA23EC607F003CB845 /* AppDelegate.swift */; };
		E58509BD23EC607F003CB845 /* SceneDelegate.swift in Sources */ = {isa = PBXBuildFile; fileRef = E58509BC23EC607F003CB845 /* SceneDelegate.swift */; };
		E58509C423EC6081003CB845 /* Assets.xcassets in Resources */ = {isa = PBXBuildFile; fileRef = E58509C323EC6081003CB845 /* Assets.xcassets */; };
		E58509C723EC6081003CB845 /* LaunchScreen.storyboard in Resources */ = {isa = PBXBuildFile; fileRef = E58509C523EC6081003CB845 /* LaunchScreen.storyboard */; };
		E58509D223EC6082003CB845 /* CleanExampleTests.swift in Sources */ = {isa = PBXBuildFile; fileRef = E58509D123EC6082003CB845 /* CleanExampleTests.swift */; };
		E58509DD23EC6082003CB845 /* CleanExampleUITests.swift in Sources */ = {isa = PBXBuildFile; fileRef = E58509DC23EC6082003CB845 /* CleanExampleUITests.swift */; };
		E58509F023EC6B20003CB845 /* ExampleView.swift in Sources */ = {isa = PBXBuildFile; fileRef = E58509EF23EC6B20003CB845 /* ExampleView.swift */; };
		E58509F223EC6B2B003CB845 /* ExamplePresenter.swift in Sources */ = {isa = PBXBuildFile; fileRef = E58509F123EC6B2B003CB845 /* ExamplePresenter.swift */; };
		E58509F423EC6B36003CB845 /* ExampleInteractor.swift in Sources */ = {isa = PBXBuildFile; fileRef = E58509F323EC6B36003CB845 /* ExampleInteractor.swift */; };
		E58509F623EC6B44003CB845 /* ExampleModels.swift in Sources */ = {isa = PBXBuildFile; fileRef = E58509F523EC6B44003CB845 /* ExampleModels.swift */; };
		E58509F823EC6B51003CB845 /* ExampleViewController.swift in Sources */ = {isa = PBXBuildFile; fileRef = E58509F723EC6B51003CB845 /* ExampleViewController.swift */; };
		E58509FC23EC6B99003CB845 /* UIView+Autolayout.swift in Sources */ = {isa = PBXBuildFile; fileRef = E58509FB23EC6B99003CB845 /* UIView+Autolayout.swift */; };
		E58509FE23EC6BC5003CB845 /* ViewCode.swift in Sources */ = {isa = PBXBuildFile; fileRef = E58509FD23EC6BC5003CB845 /* ViewCode.swift */; };
		E5850AB923EDD4D9003CB845 /* ExampleItemTableViewCell.swift in Sources */ = {isa = PBXBuildFile; fileRef = E5850AB823EDD4D9003CB845 /* ExampleItemTableViewCell.swift */; };
		E5850ABB23EDD6DA003CB845 /* NSObject+ClassName.swift in Sources */ = {isa = PBXBuildFile; fileRef = E5850ABA23EDD6DA003CB845 /* NSObject+ClassName.swift */; };
		E5850ABF23F1954A003CB845 /* ViewModelConfigurable.swift in Sources */ = {isa = PBXBuildFile; fileRef = E5850ABE23F19549003CB845 /* ViewModelConfigurable.swift */; };
		E5850AC123F197D3003CB845 /* StackViewBuilder.swift in Sources */ = {isa = PBXBuildFile; fileRef = E5850AC023F197D3003CB845 /* StackViewBuilder.swift */; };
		E5850AC323F19913003CB845 /* Metrics.swift in Sources */ = {isa = PBXBuildFile; fileRef = E5850AC223F19913003CB845 /* Metrics.swift */; };
		E5850AC723F1B278003CB845 /* UITableViewExtension.swift in Sources */ = {isa = PBXBuildFile; fileRef = E5850AC623F1B278003CB845 /* UITableViewExtension.swift */; };
		E5850AC923F1B635003CB845 /* AlertDisplaying.swift in Sources */ = {isa = PBXBuildFile; fileRef = E5850AC823F1B635003CB845 /* AlertDisplaying.swift */; };
		E5850ACC23F1BA8E003CB845 /* GetExampleItemsUseCase.swift in Sources */ = {isa = PBXBuildFile; fileRef = E5850ACB23F1BA8E003CB845 /* GetExampleItemsUseCase.swift */; };
		E5850AD023F1BB13003CB845 /* ExampleItem.swift in Sources */ = {isa = PBXBuildFile; fileRef = E5850ACF23F1BB13003CB845 /* ExampleItem.swift */; };
		E5B500E523F1BE8500C99295 /* ItemEntity.swift in Sources */ = {isa = PBXBuildFile; fileRef = E5B500E423F1BE8500C99295 /* ItemEntity.swift */; };
		E5B500E723F1BE9800C99295 /* ItemsService.swift in Sources */ = {isa = PBXBuildFile; fileRef = E5B500E623F1BE9800C99295 /* ItemsService.swift */; };
/* End PBXBuildFile section */

/* Begin PBXContainerItemProxy section */
		E58509CE23EC6082003CB845 /* PBXContainerItemProxy */ = {
			isa = PBXContainerItemProxy;
			containerPortal = E58509AF23EC607F003CB845 /* Project object */;
			proxyType = 1;
			remoteGlobalIDString = E58509B623EC607F003CB845;
			remoteInfo = CleanExample;
		};
		E58509D923EC6082003CB845 /* PBXContainerItemProxy */ = {
			isa = PBXContainerItemProxy;
			containerPortal = E58509AF23EC607F003CB845 /* Project object */;
			proxyType = 1;
			remoteGlobalIDString = E58509B623EC607F003CB845;
			remoteInfo = CleanExample;
		};
/* End PBXContainerItemProxy section */

/* Begin PBXFileReference section */
		E58509B723EC607F003CB845 /* CleanExample.app */ = {isa = PBXFileReference; explicitFileType = wrapper.application; includeInIndex = 0; path = CleanExample.app; sourceTree = BUILT_PRODUCTS_DIR; };
		E58509BA23EC607F003CB845 /* AppDelegate.swift */ = {isa = PBXFileReference; lastKnownFileType = sourcecode.swift; path = AppDelegate.swift; sourceTree = "<group>"; };
		E58509BC23EC607F003CB845 /* SceneDelegate.swift */ = {isa = PBXFileReference; lastKnownFileType = sourcecode.swift; path = SceneDelegate.swift; sourceTree = "<group>"; };
		E58509C323EC6081003CB845 /* Assets.xcassets */ = {isa = PBXFileReference; lastKnownFileType = folder.assetcatalog; path = Assets.xcassets; sourceTree = "<group>"; };
		E58509C623EC6081003CB845 /* Base */ = {isa = PBXFileReference; lastKnownFileType = file.storyboard; name = Base; path = Base.lproj/LaunchScreen.storyboard; sourceTree = "<group>"; };
		E58509C823EC6081003CB845 /* Info.plist */ = {isa = PBXFileReference; lastKnownFileType = text.plist.xml; path = Info.plist; sourceTree = "<group>"; };
		E58509CD23EC6082003CB845 /* CleanExampleTests.xctest */ = {isa = PBXFileReference; explicitFileType = wrapper.cfbundle; includeInIndex = 0; path = CleanExampleTests.xctest; sourceTree = BUILT_PRODUCTS_DIR; };
		E58509D123EC6082003CB845 /* CleanExampleTests.swift */ = {isa = PBXFileReference; lastKnownFileType = sourcecode.swift; path = CleanExampleTests.swift; sourceTree = "<group>"; };
		E58509D323EC6082003CB845 /* Info.plist */ = {isa = PBXFileReference; lastKnownFileType = text.plist.xml; path = Info.plist; sourceTree = "<group>"; };
		E58509D823EC6082003CB845 /* CleanExampleUITests.xctest */ = {isa = PBXFileReference; explicitFileType = wrapper.cfbundle; includeInIndex = 0; path = CleanExampleUITests.xctest; sourceTree = BUILT_PRODUCTS_DIR; };
		E58509DC23EC6082003CB845 /* CleanExampleUITests.swift */ = {isa = PBXFileReference; lastKnownFileType = sourcecode.swift; path = CleanExampleUITests.swift; sourceTree = "<group>"; };
		E58509DE23EC6082003CB845 /* Info.plist */ = {isa = PBXFileReference; lastKnownFileType = text.plist.xml; path = Info.plist; sourceTree = "<group>"; };
		E58509EF23EC6B20003CB845 /* ExampleView.swift */ = {isa = PBXFileReference; lastKnownFileType = sourcecode.swift; path = ExampleView.swift; sourceTree = "<group>"; };
		E58509F123EC6B2B003CB845 /* ExamplePresenter.swift */ = {isa = PBXFileReference; lastKnownFileType = sourcecode.swift; path = ExamplePresenter.swift; sourceTree = "<group>"; };
		E58509F323EC6B36003CB845 /* ExampleInteractor.swift */ = {isa = PBXFileReference; lastKnownFileType = sourcecode.swift; path = ExampleInteractor.swift; sourceTree = "<group>"; };
		E58509F523EC6B44003CB845 /* ExampleModels.swift */ = {isa = PBXFileReference; lastKnownFileType = sourcecode.swift; path = ExampleModels.swift; sourceTree = "<group>"; };
		E58509F723EC6B51003CB845 /* ExampleViewController.swift */ = {isa = PBXFileReference; lastKnownFileType = sourcecode.swift; path = ExampleViewController.swift; sourceTree = "<group>"; };
		E58509FB23EC6B99003CB845 /* UIView+Autolayout.swift */ = {isa = PBXFileReference; lastKnownFileType = sourcecode.swift; path = "UIView+Autolayout.swift"; sourceTree = "<group>"; };
		E58509FD23EC6BC5003CB845 /* ViewCode.swift */ = {isa = PBXFileReference; lastKnownFileType = sourcecode.swift; path = ViewCode.swift; sourceTree = "<group>"; };
		E5850AB823EDD4D9003CB845 /* ExampleItemTableViewCell.swift */ = {isa = PBXFileReference; lastKnownFileType = sourcecode.swift; path = ExampleItemTableViewCell.swift; sourceTree = "<group>"; };
		E5850ABA23EDD6DA003CB845 /* NSObject+ClassName.swift */ = {isa = PBXFileReference; lastKnownFileType = sourcecode.swift; path = "NSObject+ClassName.swift"; sourceTree = "<group>"; };
		E5850ABE23F19549003CB845 /* ViewModelConfigurable.swift */ = {isa = PBXFileReference; lastKnownFileType = sourcecode.swift; path = ViewModelConfigurable.swift; sourceTree = "<group>"; };
		E5850AC023F197D3003CB845 /* StackViewBuilder.swift */ = {isa = PBXFileReference; lastKnownFileType = sourcecode.swift; path = StackViewBuilder.swift; sourceTree = "<group>"; };
		E5850AC223F19913003CB845 /* Metrics.swift */ = {isa = PBXFileReference; lastKnownFileType = sourcecode.swift; path = Metrics.swift; sourceTree = "<group>"; };
		E5850AC623F1B278003CB845 /* UITableViewExtension.swift */ = {isa = PBXFileReference; lastKnownFileType = sourcecode.swift; path = UITableViewExtension.swift; sourceTree = "<group>"; };
		E5850AC823F1B635003CB845 /* AlertDisplaying.swift */ = {isa = PBXFileReference; lastKnownFileType = sourcecode.swift; path = AlertDisplaying.swift; sourceTree = "<group>"; };
		E5850ACB23F1BA8E003CB845 /* GetExampleItemsUseCase.swift */ = {isa = PBXFileReference; lastKnownFileType = sourcecode.swift; path = GetExampleItemsUseCase.swift; sourceTree = "<group>"; };
		E5850ACF23F1BB13003CB845 /* ExampleItem.swift */ = {isa = PBXFileReference; lastKnownFileType = sourcecode.swift; path = ExampleItem.swift; sourceTree = "<group>"; };
		E5B500E423F1BE8500C99295 /* ItemEntity.swift */ = {isa = PBXFileReference; fileEncoding = 4; lastKnownFileType = sourcecode.swift; path = ItemEntity.swift; sourceTree = "<group>"; };
		E5B500E623F1BE9800C99295 /* ItemsService.swift */ = {isa = PBXFileReference; fileEncoding = 4; lastKnownFileType = sourcecode.swift; path = ItemsService.swift; sourceTree = "<group>"; };
/* End PBXFileReference section */

/* Begin PBXFrameworksBuildPhase section */
		E58509B423EC607F003CB845 /* Frameworks */ = {
			isa = PBXFrameworksBuildPhase;
			buildActionMask = 2147483647;
			files = (
			);
			runOnlyForDeploymentPostprocessing = 0;
		};
		E58509CA23EC6082003CB845 /* Frameworks */ = {
			isa = PBXFrameworksBuildPhase;
			buildActionMask = 2147483647;
			files = (
			);
			runOnlyForDeploymentPostprocessing = 0;
		};
		E58509D523EC6082003CB845 /* Frameworks */ = {
			isa = PBXFrameworksBuildPhase;
			buildActionMask = 2147483647;
			files = (
			);
			runOnlyForDeploymentPostprocessing = 0;
		};
/* End PBXFrameworksBuildPhase section */

/* Begin PBXGroup section */
		E58509AE23EC607F003CB845 = {
			isa = PBXGroup;
			children = (
				E58509B923EC607F003CB845 /* CleanExample */,
				E58509D023EC6082003CB845 /* CleanExampleTests */,
				E58509DB23EC6082003CB845 /* CleanExampleUITests */,
				E58509B823EC607F003CB845 /* Products */,
			);
			sourceTree = "<group>";
		};
		E58509B823EC607F003CB845 /* Products */ = {
			isa = PBXGroup;
			children = (
				E58509B723EC607F003CB845 /* CleanExample.app */,
				E58509CD23EC6082003CB845 /* CleanExampleTests.xctest */,
				E58509D823EC6082003CB845 /* CleanExampleUITests.xctest */,
			);
			name = Products;
			sourceTree = "<group>";
		};
		E58509B923EC607F003CB845 /* CleanExample */ = {
			isa = PBXGroup;
			children = (
				E58509EA23EC60DB003CB845 /* Application */,
				E58509F923EC6B5D003CB845 /* Util */,
				E5B500E223F1BE6D00C99295 /* Services */,
				E58509EC23EC6139003CB845 /* Scenes */,
				E58509EB23EC60E4003CB845 /* Resources */,
			);
			path = CleanExample;
			sourceTree = "<group>";
		};
		E58509D023EC6082003CB845 /* CleanExampleTests */ = {
			isa = PBXGroup;
			children = (
				E58509D123EC6082003CB845 /* CleanExampleTests.swift */,
				E58509D323EC6082003CB845 /* Info.plist */,
			);
			path = CleanExampleTests;
			sourceTree = "<group>";
		};
		E58509DB23EC6082003CB845 /* CleanExampleUITests */ = {
			isa = PBXGroup;
			children = (
				E58509DC23EC6082003CB845 /* CleanExampleUITests.swift */,
				E58509DE23EC6082003CB845 /* Info.plist */,
			);
			path = CleanExampleUITests;
			sourceTree = "<group>";
		};
		E58509EA23EC60DB003CB845 /* Application */ = {
			isa = PBXGroup;
			children = (
				E58509BA23EC607F003CB845 /* AppDelegate.swift */,
				E58509BC23EC607F003CB845 /* SceneDelegate.swift */,
			);
			path = Application;
			sourceTree = "<group>";
		};
		E58509EB23EC60E4003CB845 /* Resources */ = {
			isa = PBXGroup;
			children = (
				E58509C323EC6081003CB845 /* Assets.xcassets */,
				E58509C823EC6081003CB845 /* Info.plist */,
				E58509C523EC6081003CB845 /* LaunchScreen.storyboard */,
			);
			path = Resources;
			sourceTree = "<group>";
		};
		E58509EC23EC6139003CB845 /* Scenes */ = {
			isa = PBXGroup;
			children = (
				E58509ED23EC6B0A003CB845 /* Example */,
			);
			path = Scenes;
			sourceTree = "<group>";
		};
		E58509ED23EC6B0A003CB845 /* Example */ = {
			isa = PBXGroup;
			children = (
				E5850AB723ED9E67003CB845 /* Domain */,
				E58509EE23EC6B14003CB845 /* View */,
				E58509F123EC6B2B003CB845 /* ExamplePresenter.swift */,
				E58509F323EC6B36003CB845 /* ExampleInteractor.swift */,
				E58509F523EC6B44003CB845 /* ExampleModels.swift */,
				E58509F723EC6B51003CB845 /* ExampleViewController.swift */,
			);
			path = Example;
			sourceTree = "<group>";
		};
		E58509EE23EC6B14003CB845 /* View */ = {
			isa = PBXGroup;
			children = (
				E58509EF23EC6B20003CB845 /* ExampleView.swift */,
				E5850AB823EDD4D9003CB845 /* ExampleItemTableViewCell.swift */,
			);
			path = View;
			sourceTree = "<group>";
		};
		E58509F923EC6B5D003CB845 /* Util */ = {
			isa = PBXGroup;
			children = (
				E5850ABC23F18FC9003CB845 /* UI */,
				E58509FA23EC6B8A003CB845 /* Extensions */,
			);
			path = Util;
			sourceTree = "<group>";
		};
		E58509FA23EC6B8A003CB845 /* Extensions */ = {
			isa = PBXGroup;
			children = (
				E58509FB23EC6B99003CB845 /* UIView+Autolayout.swift */,
				E5850ABA23EDD6DA003CB845 /* NSObject+ClassName.swift */,
				E5850AC623F1B278003CB845 /* UITableViewExtension.swift */,
			);
			path = Extensions;
			sourceTree = "<group>";
		};
		E5850AB723ED9E67003CB845 /* Domain */ = {
			isa = PBXGroup;
			children = (
				E5850ACD23F1BAFD003CB845 /* Models */,
				E5850ACE23F1BB02003CB845 /* UseCases */,
			);
			path = Domain;
			sourceTree = "<group>";
		};
		E5850ABC23F18FC9003CB845 /* UI */ = {
			isa = PBXGroup;
			children = (
				E58509FD23EC6BC5003CB845 /* ViewCode.swift */,
				E5850ABE23F19549003CB845 /* ViewModelConfigurable.swift */,
				E5850AC023F197D3003CB845 /* StackViewBuilder.swift */,
				E5850AC223F19913003CB845 /* Metrics.swift */,
				E5850AC823F1B635003CB845 /* AlertDisplaying.swift */,
			);
			path = UI;
			sourceTree = "<group>";
		};
		E5850ACA23F1BA79003CB845 /* GetExampleItemsUseCase */ = {
			isa = PBXGroup;
			children = (
				E5850ACB23F1BA8E003CB845 /* GetExampleItemsUseCase.swift */,
			);
			path = GetExampleItemsUseCase;
			sourceTree = "<group>";
		};
		E5850ACD23F1BAFD003CB845 /* Models */ = {
			isa = PBXGroup;
			children = (
				E5850ACF23F1BB13003CB845 /* ExampleItem.swift */,
			);
			path = Models;
			sourceTree = "<group>";
		};
		E5850ACE23F1BB02003CB845 /* UseCases */ = {
			isa = PBXGroup;
			children = (
				E5850ACA23F1BA79003CB845 /* GetExampleItemsUseCase */,
			);
			path = UseCases;
			sourceTree = "<group>";
		};
		E5B500E223F1BE6D00C99295 /* Services */ = {
			isa = PBXGroup;
			children = (
				E5B500E323F1BE7700C99295 /* Models */,
				E5B500E623F1BE9800C99295 /* ItemsService.swift */,
			);
			path = Services;
			sourceTree = "<group>";
		};
		E5B500E323F1BE7700C99295 /* Models */ = {
			isa = PBXGroup;
			children = (
				E5B500E423F1BE8500C99295 /* ItemEntity.swift */,
			);
			path = Models;
			sourceTree = "<group>";
		};
/* End PBXGroup section */

/* Begin PBXNativeTarget section */
		E58509B623EC607F003CB845 /* CleanExample */ = {
			isa = PBXNativeTarget;
			buildConfigurationList = E58509E123EC6082003CB845 /* Build configuration list for PBXNativeTarget "CleanExample" */;
			buildPhases = (
				E58509B323EC607F003CB845 /* Sources */,
				E58509B423EC607F003CB845 /* Frameworks */,
				E58509B523EC607F003CB845 /* Resources */,
			);
			buildRules = (
			);
			dependencies = (
			);
			name = CleanExample;
			productName = CleanExample;
			productReference = E58509B723EC607F003CB845 /* CleanExample.app */;
			productType = "com.apple.product-type.application";
		};
		E58509CC23EC6082003CB845 /* CleanExampleTests */ = {
			isa = PBXNativeTarget;
			buildConfigurationList = E58509E423EC6082003CB845 /* Build configuration list for PBXNativeTarget "CleanExampleTests" */;
			buildPhases = (
				E58509C923EC6082003CB845 /* Sources */,
				E58509CA23EC6082003CB845 /* Frameworks */,
				E58509CB23EC6082003CB845 /* Resources */,
			);
			buildRules = (
			);
			dependencies = (
				E58509CF23EC6082003CB845 /* PBXTargetDependency */,
			);
			name = CleanExampleTests;
			productName = CleanExampleTests;
			productReference = E58509CD23EC6082003CB845 /* CleanExampleTests.xctest */;
			productType = "com.apple.product-type.bundle.unit-test";
		};
		E58509D723EC6082003CB845 /* CleanExampleUITests */ = {
			isa = PBXNativeTarget;
			buildConfigurationList = E58509E723EC6082003CB845 /* Build configuration list for PBXNativeTarget "CleanExampleUITests" */;
			buildPhases = (
				E58509D423EC6082003CB845 /* Sources */,
				E58509D523EC6082003CB845 /* Frameworks */,
				E58509D623EC6082003CB845 /* Resources */,
			);
			buildRules = (
			);
			dependencies = (
				E58509DA23EC6082003CB845 /* PBXTargetDependency */,
			);
			name = CleanExampleUITests;
			productName = CleanExampleUITests;
			productReference = E58509D823EC6082003CB845 /* CleanExampleUITests.xctest */;
			productType = "com.apple.product-type.bundle.ui-testing";
		};
/* End PBXNativeTarget section */

/* Begin PBXProject section */
		E58509AF23EC607F003CB845 /* Project object */ = {
			isa = PBXProject;
			attributes = {
				LastSwiftUpdateCheck = 1130;
				LastUpgradeCheck = 1130;
				ORGANIZATIONNAME = Bocato;
				TargetAttributes = {
					E58509B623EC607F003CB845 = {
						CreatedOnToolsVersion = 11.3.1;
					};
					E58509CC23EC6082003CB845 = {
						CreatedOnToolsVersion = 11.3.1;
						TestTargetID = E58509B623EC607F003CB845;
					};
					E58509D723EC6082003CB845 = {
						CreatedOnToolsVersion = 11.3.1;
						TestTargetID = E58509B623EC607F003CB845;
					};
				};
			};
			buildConfigurationList = E58509B223EC607F003CB845 /* Build configuration list for PBXProject "CleanExample" */;
			compatibilityVersion = "Xcode 9.3";
			developmentRegion = en;
			hasScannedForEncodings = 0;
			knownRegions = (
				en,
				Base,
			);
			mainGroup = E58509AE23EC607F003CB845;
			productRefGroup = E58509B823EC607F003CB845 /* Products */;
			projectDirPath = "";
			projectRoot = "";
			targets = (
				E58509B623EC607F003CB845 /* CleanExample */,
				E58509CC23EC6082003CB845 /* CleanExampleTests */,
				E58509D723EC6082003CB845 /* CleanExampleUITests */,
			);
		};
/* End PBXProject section */

/* Begin PBXResourcesBuildPhase section */
		E58509B523EC607F003CB845 /* Resources */ = {
			isa = PBXResourcesBuildPhase;
			buildActionMask = 2147483647;
			files = (
				E58509C723EC6081003CB845 /* LaunchScreen.storyboard in Resources */,
				E58509C423EC6081003CB845 /* Assets.xcassets in Resources */,
			);
			runOnlyForDeploymentPostprocessing = 0;
		};
		E58509CB23EC6082003CB845 /* Resources */ = {
			isa = PBXResourcesBuildPhase;
			buildActionMask = 2147483647;
			files = (
			);
			runOnlyForDeploymentPostprocessing = 0;
		};
		E58509D623EC6082003CB845 /* Resources */ = {
			isa = PBXResourcesBuildPhase;
			buildActionMask = 2147483647;
			files = (
			);
			runOnlyForDeploymentPostprocessing = 0;
		};
/* End PBXResourcesBuildPhase section */

/* Begin PBXSourcesBuildPhase section */
		E58509B323EC607F003CB845 /* Sources */ = {
			isa = PBXSourcesBuildPhase;
			buildActionMask = 2147483647;
			files = (
				E5B500E523F1BE8500C99295 /* ItemEntity.swift in Sources */,
				E58509BB23EC607F003CB845 /* AppDelegate.swift in Sources */,
				E5850ABB23EDD6DA003CB845 /* NSObject+ClassName.swift in Sources */,
				E58509FE23EC6BC5003CB845 /* ViewCode.swift in Sources */,
				E5850AC723F1B278003CB845 /* UITableViewExtension.swift in Sources */,
				E58509F423EC6B36003CB845 /* ExampleInteractor.swift in Sources */,
				E5850AB923EDD4D9003CB845 /* ExampleItemTableViewCell.swift in Sources */,
				E58509F223EC6B2B003CB845 /* ExamplePresenter.swift in Sources */,
				E5850ACC23F1BA8E003CB845 /* GetExampleItemsUseCase.swift in Sources */,
				E58509BD23EC607F003CB845 /* SceneDelegate.swift in Sources */,
				E5850AD023F1BB13003CB845 /* ExampleItem.swift in Sources */,
				E58509F823EC6B51003CB845 /* ExampleViewController.swift in Sources */,
				E5B500E723F1BE9800C99295 /* ItemsService.swift in Sources */,
				E5850AC123F197D3003CB845 /* StackViewBuilder.swift in Sources */,
				E58509FC23EC6B99003CB845 /* UIView+Autolayout.swift in Sources */,
				E58509F623EC6B44003CB845 /* ExampleModels.swift in Sources */,
				E5850AC923F1B635003CB845 /* AlertDisplaying.swift in Sources */,
				E5850AC323F19913003CB845 /* Metrics.swift in Sources */,
				E58509F023EC6B20003CB845 /* ExampleView.swift in Sources */,
				E5850ABF23F1954A003CB845 /* ViewModelConfigurable.swift in Sources */,
			);
			runOnlyForDeploymentPostprocessing = 0;
		};
		E58509C923EC6082003CB845 /* Sources */ = {
			isa = PBXSourcesBuildPhase;
			buildActionMask = 2147483647;
			files = (
				E58509D223EC6082003CB845 /* CleanExampleTests.swift in Sources */,
			);
			runOnlyForDeploymentPostprocessing = 0;
		};
		E58509D423EC6082003CB845 /* Sources */ = {
			isa = PBXSourcesBuildPhase;
			buildActionMask = 2147483647;
			files = (
				E58509DD23EC6082003CB845 /* CleanExampleUITests.swift in Sources */,
			);
			runOnlyForDeploymentPostprocessing = 0;
		};
/* End PBXSourcesBuildPhase section */

/* Begin PBXTargetDependency section */
		E58509CF23EC6082003CB845 /* PBXTargetDependency */ = {
			isa = PBXTargetDependency;
			target = E58509B623EC607F003CB845 /* CleanExample */;
			targetProxy = E58509CE23EC6082003CB845 /* PBXContainerItemProxy */;
		};
		E58509DA23EC6082003CB845 /* PBXTargetDependency */ = {
			isa = PBXTargetDependency;
			target = E58509B623EC607F003CB845 /* CleanExample */;
			targetProxy = E58509D923EC6082003CB845 /* PBXContainerItemProxy */;
		};
/* End PBXTargetDependency section */

/* Begin PBXVariantGroup section */
		E58509C523EC6081003CB845 /* LaunchScreen.storyboard */ = {
			isa = PBXVariantGroup;
			children = (
				E58509C623EC6081003CB845 /* Base */,
			);
			name = LaunchScreen.storyboard;
			sourceTree = "<group>";
		};
/* End PBXVariantGroup section */

/* Begin XCBuildConfiguration section */
		E58509DF23EC6082003CB845 /* Debug */ = {
			isa = XCBuildConfiguration;
			buildSettings = {
				ALWAYS_SEARCH_USER_PATHS = NO;
				CLANG_ANALYZER_NONNULL = YES;
				CLANG_ANALYZER_NUMBER_OBJECT_CONVERSION = YES_AGGRESSIVE;
				CLANG_CXX_LANGUAGE_STANDARD = "gnu++14";
				CLANG_CXX_LIBRARY = "libc++";
				CLANG_ENABLE_MODULES = YES;
				CLANG_ENABLE_OBJC_ARC = YES;
				CLANG_ENABLE_OBJC_WEAK = YES;
				CLANG_WARN_BLOCK_CAPTURE_AUTORELEASING = YES;
				CLANG_WARN_BOOL_CONVERSION = YES;
				CLANG_WARN_COMMA = YES;
				CLANG_WARN_CONSTANT_CONVERSION = YES;
				CLANG_WARN_DEPRECATED_OBJC_IMPLEMENTATIONS = YES;
				CLANG_WARN_DIRECT_OBJC_ISA_USAGE = YES_ERROR;
				CLANG_WARN_DOCUMENTATION_COMMENTS = YES;
				CLANG_WARN_EMPTY_BODY = YES;
				CLANG_WARN_ENUM_CONVERSION = YES;
				CLANG_WARN_INFINITE_RECURSION = YES;
				CLANG_WARN_INT_CONVERSION = YES;
				CLANG_WARN_NON_LITERAL_NULL_CONVERSION = YES;
				CLANG_WARN_OBJC_IMPLICIT_RETAIN_SELF = YES;
				CLANG_WARN_OBJC_LITERAL_CONVERSION = YES;
				CLANG_WARN_OBJC_ROOT_CLASS = YES_ERROR;
				CLANG_WARN_RANGE_LOOP_ANALYSIS = YES;
				CLANG_WARN_STRICT_PROTOTYPES = YES;
				CLANG_WARN_SUSPICIOUS_MOVE = YES;
				CLANG_WARN_UNGUARDED_AVAILABILITY = YES_AGGRESSIVE;
				CLANG_WARN_UNREACHABLE_CODE = YES;
				CLANG_WARN__DUPLICATE_METHOD_MATCH = YES;
				COPY_PHASE_STRIP = NO;
				DEBUG_INFORMATION_FORMAT = dwarf;
				ENABLE_STRICT_OBJC_MSGSEND = YES;
				ENABLE_TESTABILITY = YES;
				GCC_C_LANGUAGE_STANDARD = gnu11;
				GCC_DYNAMIC_NO_PIC = NO;
				GCC_NO_COMMON_BLOCKS = YES;
				GCC_OPTIMIZATION_LEVEL = 0;
				GCC_PREPROCESSOR_DEFINITIONS = (
					"DEBUG=1",
					"$(inherited)",
				);
				GCC_WARN_64_TO_32_BIT_CONVERSION = YES;
				GCC_WARN_ABOUT_RETURN_TYPE = YES_ERROR;
				GCC_WARN_UNDECLARED_SELECTOR = YES;
				GCC_WARN_UNINITIALIZED_AUTOS = YES_AGGRESSIVE;
				GCC_WARN_UNUSED_FUNCTION = YES;
				GCC_WARN_UNUSED_VARIABLE = YES;
				IPHONEOS_DEPLOYMENT_TARGET = 13.2;
				MTL_ENABLE_DEBUG_INFO = INCLUDE_SOURCE;
				MTL_FAST_MATH = YES;
				ONLY_ACTIVE_ARCH = YES;
				SDKROOT = iphoneos;
				SWIFT_ACTIVE_COMPILATION_CONDITIONS = DEBUG;
				SWIFT_OPTIMIZATION_LEVEL = "-Onone";
			};
			name = Debug;
		};
		E58509E023EC6082003CB845 /* Release */ = {
			isa = XCBuildConfiguration;
			buildSettings = {
				ALWAYS_SEARCH_USER_PATHS = NO;
				CLANG_ANALYZER_NONNULL = YES;
				CLANG_ANALYZER_NUMBER_OBJECT_CONVERSION = YES_AGGRESSIVE;
				CLANG_CXX_LANGUAGE_STANDARD = "gnu++14";
				CLANG_CXX_LIBRARY = "libc++";
				CLANG_ENABLE_MODULES = YES;
				CLANG_ENABLE_OBJC_ARC = YES;
				CLANG_ENABLE_OBJC_WEAK = YES;
				CLANG_WARN_BLOCK_CAPTURE_AUTORELEASING = YES;
				CLANG_WARN_BOOL_CONVERSION = YES;
				CLANG_WARN_COMMA = YES;
				CLANG_WARN_CONSTANT_CONVERSION = YES;
				CLANG_WARN_DEPRECATED_OBJC_IMPLEMENTATIONS = YES;
				CLANG_WARN_DIRECT_OBJC_ISA_USAGE = YES_ERROR;
				CLANG_WARN_DOCUMENTATION_COMMENTS = YES;
				CLANG_WARN_EMPTY_BODY = YES;
				CLANG_WARN_ENUM_CONVERSION = YES;
				CLANG_WARN_INFINITE_RECURSION = YES;
				CLANG_WARN_INT_CONVERSION = YES;
				CLANG_WARN_NON_LITERAL_NULL_CONVERSION = YES;
				CLANG_WARN_OBJC_IMPLICIT_RETAIN_SELF = YES;
				CLANG_WARN_OBJC_LITERAL_CONVERSION = YES;
				CLANG_WARN_OBJC_ROOT_CLASS = YES_ERROR;
				CLANG_WARN_RANGE_LOOP_ANALYSIS = YES;
				CLANG_WARN_STRICT_PROTOTYPES = YES;
				CLANG_WARN_SUSPICIOUS_MOVE = YES;
				CLANG_WARN_UNGUARDED_AVAILABILITY = YES_AGGRESSIVE;
				CLANG_WARN_UNREACHABLE_CODE = YES;
				CLANG_WARN__DUPLICATE_METHOD_MATCH = YES;
				COPY_PHASE_STRIP = NO;
				DEBUG_INFORMATION_FORMAT = "dwarf-with-dsym";
				ENABLE_NS_ASSERTIONS = NO;
				ENABLE_STRICT_OBJC_MSGSEND = YES;
				GCC_C_LANGUAGE_STANDARD = gnu11;
				GCC_NO_COMMON_BLOCKS = YES;
				GCC_WARN_64_TO_32_BIT_CONVERSION = YES;
				GCC_WARN_ABOUT_RETURN_TYPE = YES_ERROR;
				GCC_WARN_UNDECLARED_SELECTOR = YES;
				GCC_WARN_UNINITIALIZED_AUTOS = YES_AGGRESSIVE;
				GCC_WARN_UNUSED_FUNCTION = YES;
				GCC_WARN_UNUSED_VARIABLE = YES;
				IPHONEOS_DEPLOYMENT_TARGET = 13.2;
				MTL_ENABLE_DEBUG_INFO = NO;
				MTL_FAST_MATH = YES;
				SDKROOT = iphoneos;
				SWIFT_COMPILATION_MODE = wholemodule;
				SWIFT_OPTIMIZATION_LEVEL = "-O";
				VALIDATE_PRODUCT = YES;
			};
			name = Release;
		};
		E58509E223EC6082003CB845 /* Debug */ = {
			isa = XCBuildConfiguration;
			buildSettings = {
				ASSETCATALOG_COMPILER_APPICON_NAME = AppIcon;
				CODE_SIGN_STYLE = Automatic;
				DEVELOPMENT_TEAM = T2J33G9KKW;
				INFOPLIST_FILE = CleanExample/Resources/Info.plist;
				LD_RUNPATH_SEARCH_PATHS = (
					"$(inherited)",
					"@executable_path/Frameworks",
				);
				PRODUCT_BUNDLE_IDENTIFIER = com.bocato.CleanExample;
				PRODUCT_NAME = "$(TARGET_NAME)";
				SWIFT_VERSION = 5.0;
				TARGETED_DEVICE_FAMILY = "1,2";
			};
			name = Debug;
		};
		E58509E323EC6082003CB845 /* Release */ = {
			isa = XCBuildConfiguration;
			buildSettings = {
				ASSETCATALOG_COMPILER_APPICON_NAME = AppIcon;
				CODE_SIGN_STYLE = Automatic;
				DEVELOPMENT_TEAM = T2J33G9KKW;
				INFOPLIST_FILE = CleanExample/Resources/Info.plist;
				LD_RUNPATH_SEARCH_PATHS = (
					"$(inherited)",
					"@executable_path/Frameworks",
				);
				PRODUCT_BUNDLE_IDENTIFIER = com.bocato.CleanExample;
				PRODUCT_NAME = "$(TARGET_NAME)";
				SWIFT_VERSION = 5.0;
				TARGETED_DEVICE_FAMILY = "1,2";
			};
			name = Release;
		};
		E58509E523EC6082003CB845 /* Debug */ = {
			isa = XCBuildConfiguration;
			buildSettings = {
				ALWAYS_EMBED_SWIFT_STANDARD_LIBRARIES = YES;
				BUNDLE_LOADER = "$(TEST_HOST)";
				CODE_SIGN_STYLE = Automatic;
				DEVELOPMENT_TEAM = T2J33G9KKW;
				INFOPLIST_FILE = CleanExampleTests/Info.plist;
				IPHONEOS_DEPLOYMENT_TARGET = 13.2;
				LD_RUNPATH_SEARCH_PATHS = (
					"$(inherited)",
					"@executable_path/Frameworks",
					"@loader_path/Frameworks",
				);
				PRODUCT_BUNDLE_IDENTIFIER = com.bocato.CleanExampleTests;
				PRODUCT_NAME = "$(TARGET_NAME)";
				SWIFT_VERSION = 5.0;
				TARGETED_DEVICE_FAMILY = "1,2";
				TEST_HOST = "$(BUILT_PRODUCTS_DIR)/CleanExample.app/CleanExample";
			};
			name = Debug;
		};
		E58509E623EC6082003CB845 /* Release */ = {
			isa = XCBuildConfiguration;
			buildSettings = {
				ALWAYS_EMBED_SWIFT_STANDARD_LIBRARIES = YES;
				BUNDLE_LOADER = "$(TEST_HOST)";
				CODE_SIGN_STYLE = Automatic;
				DEVELOPMENT_TEAM = T2J33G9KKW;
				INFOPLIST_FILE = CleanExampleTests/Info.plist;
				IPHONEOS_DEPLOYMENT_TARGET = 13.2;
				LD_RUNPATH_SEARCH_PATHS = (
					"$(inherited)",
					"@executable_path/Frameworks",
					"@loader_path/Frameworks",
				);
				PRODUCT_BUNDLE_IDENTIFIER = com.bocato.CleanExampleTests;
				PRODUCT_NAME = "$(TARGET_NAME)";
				SWIFT_VERSION = 5.0;
				TARGETED_DEVICE_FAMILY = "1,2";
				TEST_HOST = "$(BUILT_PRODUCTS_DIR)/CleanExample.app/CleanExample";
			};
			name = Release;
		};
		E58509E823EC6082003CB845 /* Debug */ = {
			isa = XCBuildConfiguration;
			buildSettings = {
				ALWAYS_EMBED_SWIFT_STANDARD_LIBRARIES = YES;
				CODE_SIGN_STYLE = Automatic;
				DEVELOPMENT_TEAM = T2J33G9KKW;
				INFOPLIST_FILE = CleanExampleUITests/Info.plist;
				LD_RUNPATH_SEARCH_PATHS = (
					"$(inherited)",
					"@executable_path/Frameworks",
					"@loader_path/Frameworks",
				);
				PRODUCT_BUNDLE_IDENTIFIER = com.bocato.CleanExampleUITests;
				PRODUCT_NAME = "$(TARGET_NAME)";
				SWIFT_VERSION = 5.0;
				TARGETED_DEVICE_FAMILY = "1,2";
				TEST_TARGET_NAME = CleanExample;
			};
			name = Debug;
		};
		E58509E923EC6082003CB845 /* Release */ = {
			isa = XCBuildConfiguration;
			buildSettings = {
				ALWAYS_EMBED_SWIFT_STANDARD_LIBRARIES = YES;
				CODE_SIGN_STYLE = Automatic;
				DEVELOPMENT_TEAM = T2J33G9KKW;
				INFOPLIST_FILE = CleanExampleUITests/Info.plist;
				LD_RUNPATH_SEARCH_PATHS = (
					"$(inherited)",
					"@executable_path/Frameworks",
					"@loader_path/Frameworks",
				);
				PRODUCT_BUNDLE_IDENTIFIER = com.bocato.CleanExampleUITests;
				PRODUCT_NAME = "$(TARGET_NAME)";
				SWIFT_VERSION = 5.0;
				TARGETED_DEVICE_FAMILY = "1,2";
				TEST_TARGET_NAME = CleanExample;
			};
			name = Release;
		};
/* End XCBuildConfiguration section */

/* Begin XCConfigurationList section */
		E58509B223EC607F003CB845 /* Build configuration list for PBXProject "CleanExample" */ = {
			isa = XCConfigurationList;
			buildConfigurations = (
				E58509DF23EC6082003CB845 /* Debug */,
				E58509E023EC6082003CB845 /* Release */,
			);
			defaultConfigurationIsVisible = 0;
			defaultConfigurationName = Release;
		};
		E58509E123EC6082003CB845 /* Build configuration list for PBXNativeTarget "CleanExample" */ = {
			isa = XCConfigurationList;
			buildConfigurations = (
				E58509E223EC6082003CB845 /* Debug */,
				E58509E323EC6082003CB845 /* Release */,
			);
			defaultConfigurationIsVisible = 0;
			defaultConfigurationName = Release;
		};
		E58509E423EC6082003CB845 /* Build configuration list for PBXNativeTarget "CleanExampleTests" */ = {
			isa = XCConfigurationList;
			buildConfigurations = (
				E58509E523EC6082003CB845 /* Debug */,
				E58509E623EC6082003CB845 /* Release */,
			);
			defaultConfigurationIsVisible = 0;
			defaultConfigurationName = Release;
		};
		E58509E723EC6082003CB845 /* Build configuration list for PBXNativeTarget "CleanExampleUITests" */ = {
			isa = XCConfigurationList;
			buildConfigurations = (
				E58509E823EC6082003CB845 /* Debug */,
				E58509E923EC6082003CB845 /* Release */,
			);
			defaultConfigurationIsVisible = 0;
			defaultConfigurationName = Release;
		};
/* End XCConfigurationList section */
	};
	rootObject = E58509AF23EC607F003CB845 /* Project object */;
}
